// !$*UTF8*$!
{
	archiveVersion = 1;
	classes = {
	};
	objectVersion = 46;
	objects = {

/* Begin PBXBuildFile section */
		3D342FF71C0FDEC700351C0F /* ForecastViewController.m in Sources */ = {isa = PBXBuildFile; fileRef = 3D342FF61C0FDEC700351C0F /* ForecastViewController.m */; };
		3D3430051C0FDFB700351C0F /* SearchCitiesViewController.m in Sources */ = {isa = PBXBuildFile; fileRef = 3D3430041C0FDFB700351C0F /* SearchCitiesViewController.m */; };
		3D3430091C0FE06900351C0F /* AppWireframe.m in Sources */ = {isa = PBXBuildFile; fileRef = 3D3430081C0FE06900351C0F /* AppWireframe.m */; };
		3D34300D1C0FE1B500351C0F /* AppStoryboard.m in Sources */ = {isa = PBXBuildFile; fileRef = 3D34300C1C0FE1B500351C0F /* AppStoryboard.m */; };
		3D3430171C0FEBA600351C0F /* ForecastViewPresenter.m in Sources */ = {isa = PBXBuildFile; fileRef = 3D3430161C0FEBA600351C0F /* ForecastViewPresenter.m */; };
		3D34301A1C0FF06200351C0F /* ForecastViewWireframe.m in Sources */ = {isa = PBXBuildFile; fileRef = 3D3430191C0FF06200351C0F /* ForecastViewWireframe.m */; };
		3D34301D1C1066F900351C0F /* ForecastViewInteractor.m in Sources */ = {isa = PBXBuildFile; fileRef = 3D34301C1C1066F900351C0F /* ForecastViewInteractor.m */; };
		3D3430211C10688F00351C0F /* ForecastDataManager.m in Sources */ = {isa = PBXBuildFile; fileRef = 3D3430201C10688F00351C0F /* ForecastDataManager.m */; };
		3D3430331C108CE400351C0F /* ForecastDataManagerParameters.m in Sources */ = {isa = PBXBuildFile; fileRef = 3D3430321C108CE400351C0F /* ForecastDataManagerParameters.m */; };
		3D80EE391C1370B500ACE7AF /* SearchCitiesInteractor.m in Sources */ = {isa = PBXBuildFile; fileRef = 3D80EE381C1370B500ACE7AF /* SearchCitiesInteractor.m */; };
		3D80EE411C1378A900ACE7AF /* CityDisplayData.m in Sources */ = {isa = PBXBuildFile; fileRef = 3D80EE401C1378A900ACE7AF /* CityDisplayData.m */; };
		3D80EE441C1379AB00ACE7AF /* CityDisplayDataCollector.m in Sources */ = {isa = PBXBuildFile; fileRef = 3D80EE431C1379AB00ACE7AF /* CityDisplayDataCollector.m */; };
		3D80EE471C137B5400ACE7AF /* SearchCitiesPresenter.m in Sources */ = {isa = PBXBuildFile; fileRef = 3D80EE461C137B5400ACE7AF /* SearchCitiesPresenter.m */; };
		3D80EE4A1C137CF500ACE7AF /* CitiesListDisplayData.m in Sources */ = {isa = PBXBuildFile; fileRef = 3D80EE491C137CF500ACE7AF /* CitiesListDisplayData.m */; };
		3D80EE511C13A0B700ACE7AF /* SearchCitiesViewWireframe.m in Sources */ = {isa = PBXBuildFile; fileRef = 3D80EE501C13A0B700ACE7AF /* SearchCitiesViewWireframe.m */; };
		3D80EE551C13B2BD00ACE7AF /* UICityTableViewCell.m in Sources */ = {isa = PBXBuildFile; fileRef = 3D80EE541C13B2BD00ACE7AF /* UICityTableViewCell.m */; };
		3D80EE591C13FEE600ACE7AF /* SavedCitiesDataManager.m in Sources */ = {isa = PBXBuildFile; fileRef = 3D80EE581C13FEE600ACE7AF /* SavedCitiesDataManager.m */; };
		3D80EE5D1C13FF2E00ACE7AF /* SavedCitiesInteractor.m in Sources */ = {isa = PBXBuildFile; fileRef = 3D80EE5C1C13FF2E00ACE7AF /* SavedCitiesInteractor.m */; };
		3D80EE601C140D5400ACE7AF /* SavedCitiesViewController.m in Sources */ = {isa = PBXBuildFile; fileRef = 3D80EE5F1C140D5400ACE7AF /* SavedCitiesViewController.m */; };
		3D80EE631C14127600ACE7AF /* SavedCitiesPresenter.m in Sources */ = {isa = PBXBuildFile; fileRef = 3D80EE621C14127600ACE7AF /* SavedCitiesPresenter.m */; };
		3D80EE661C1417B600ACE7AF /* SavedCitiesWireframe.m in Sources */ = {isa = PBXBuildFile; fileRef = 3D80EE651C1417B600ACE7AF /* SavedCitiesWireframe.m */; };
		3D80EE6A1C14CB6C00ACE7AF /* search_icon.png in Resources */ = {isa = PBXBuildFile; fileRef = 3D80EE671C14CB6C00ACE7AF /* search_icon.png */; };
		3D80EE6B1C14CB6C00ACE7AF /* search_icon@2x.png in Resources */ = {isa = PBXBuildFile; fileRef = 3D80EE681C14CB6C00ACE7AF /* search_icon@2x.png */; };
		3D80EE6C1C14CB6C00ACE7AF /* search_icon@3x.png in Resources */ = {isa = PBXBuildFile; fileRef = 3D80EE691C14CB6C00ACE7AF /* search_icon@3x.png */; };
		3D80EE771C14EB6800ACE7AF /* Forecast.m in Sources */ = {isa = PBXBuildFile; fileRef = 3D80EE701C14EB6800ACE7AF /* Forecast.m */; };
		3D80EE781C14EB6800ACE7AF /* ForecastCurrentCondition.m in Sources */ = {isa = PBXBuildFile; fileRef = 3D80EE721C14EB6800ACE7AF /* ForecastCurrentCondition.m */; };
		3D80EE791C14EB6800ACE7AF /* ForecastUpcomingCondition.m in Sources */ = {isa = PBXBuildFile; fileRef = 3D80EE741C14EB6800ACE7AF /* ForecastUpcomingCondition.m */; };
		3D80EE7A1C14EB6800ACE7AF /* ForecastWeatherDescription.m in Sources */ = {isa = PBXBuildFile; fileRef = 3D80EE761C14EB6800ACE7AF /* ForecastWeatherDescription.m */; };
		3D80EE7D1C14EB8700ACE7AF /* ForecastHourlyCondition.m in Sources */ = {isa = PBXBuildFile; fileRef = 3D80EE7C1C14EB8700ACE7AF /* ForecastHourlyCondition.m */; };
		3D80EE811C14EBDF00ACE7AF /* City.m in Sources */ = {isa = PBXBuildFile; fileRef = 3D80EE801C14EBDF00ACE7AF /* City.m */; };
		3DD9571C1C128EB80027A63D /* UIUpcomingConditionTableViewCell.m in Sources */ = {isa = PBXBuildFile; fileRef = 3DD9571B1C128EB80027A63D /* UIUpcomingConditionTableViewCell.m */; };
		3DD957201C12A4610027A63D /* UIUpcomingConditionTableViewCell+ForecastUpcomingConditionDisplayData.m in Sources */ = {isa = PBXBuildFile; fileRef = 3DD9571F1C12A4610027A63D /* UIUpcomingConditionTableViewCell+ForecastUpcomingConditionDisplayData.m */; };
		3DD957231C12A7A70027A63D /* UIHourlyConditionTableViewHeaderView.m in Sources */ = {isa = PBXBuildFile; fileRef = 3DD957221C12A7A70027A63D /* UIHourlyConditionTableViewHeaderView.m */; };
		3DD957251C12A7B50027A63D /* UIHourlyConditionTableViewHeaderView.xib in Resources */ = {isa = PBXBuildFile; fileRef = 3DD957241C12A7B50027A63D /* UIHourlyConditionTableViewHeaderView.xib */; };
		3DD957291C12AFBF0027A63D /* UIHourlyConditionCollectionViewCell.m in Sources */ = {isa = PBXBuildFile; fileRef = 3DD957271C12AFBF0027A63D /* UIHourlyConditionCollectionViewCell.m */; };
		3DD9572A1C12AFBF0027A63D /* UIHourlyConditionCollectionViewCell.xib in Resources */ = {isa = PBXBuildFile; fileRef = 3DD957281C12AFBF0027A63D /* UIHourlyConditionCollectionViewCell.xib */; };
		3DD9572D1C12B2760027A63D /* UIHourlyConditionCollectionViewCell+ForecastHourlyConditionDisplayData.m in Sources */ = {isa = PBXBuildFile; fileRef = 3DD9572C1C12B2760027A63D /* UIHourlyConditionCollectionViewCell+ForecastHourlyConditionDisplayData.m */; };
		3DF3B7B01C0FDDA10024C06C /* main.m in Sources */ = {isa = PBXBuildFile; fileRef = 3DF3B7AF1C0FDDA10024C06C /* main.m */; };
		3DF3B7B31C0FDDA10024C06C /* AppDelegate.m in Sources */ = {isa = PBXBuildFile; fileRef = 3DF3B7B21C0FDDA10024C06C /* AppDelegate.m */; };
		3DF3B7B91C0FDDA10024C06C /* Main.storyboard in Resources */ = {isa = PBXBuildFile; fileRef = 3DF3B7B71C0FDDA10024C06C /* Main.storyboard */; };
		3DF3B7BB1C0FDDA10024C06C /* Assets.xcassets in Resources */ = {isa = PBXBuildFile; fileRef = 3DF3B7BA1C0FDDA10024C06C /* Assets.xcassets */; };
		3DF3B7BE1C0FDDA10024C06C /* LaunchScreen.storyboard in Resources */ = {isa = PBXBuildFile; fileRef = 3DF3B7BC1C0FDDA10024C06C /* LaunchScreen.storyboard */; };
		3DF76D6A1C1147D100C181FA /* Localizable.strings in Resources */ = {isa = PBXBuildFile; fileRef = 3DF76D691C1147D100C181FA /* Localizable.strings */; };
		3DF76D761C11578600C181FA /* ForecastDisplayDataCollector.m in Sources */ = {isa = PBXBuildFile; fileRef = 3DF76D751C11578600C181FA /* ForecastDisplayDataCollector.m */; };
		3DF76D7A1C115A6B00C181FA /* ForecastUpcomingConditionDisplayData.m in Sources */ = {isa = PBXBuildFile; fileRef = 3DF76D791C115A6B00C181FA /* ForecastUpcomingConditionDisplayData.m */; };
		3DF76D7E1C115A8300C181FA /* ForecastCurrentConditionDisplayData.m in Sources */ = {isa = PBXBuildFile; fileRef = 3DF76D7D1C115A8300C181FA /* ForecastCurrentConditionDisplayData.m */; };
		3DF76D811C115A9300C181FA /* ForecastDisplayData.m in Sources */ = {isa = PBXBuildFile; fileRef = 3DF76D801C115A9300C181FA /* ForecastDisplayData.m */; };
		3DF76D8A1C11CE5D00C181FA /* ForecastHourlyConditionDisplayData.m in Sources */ = {isa = PBXBuildFile; fileRef = 3DF76D891C11CE5D00C181FA /* ForecastHourlyConditionDisplayData.m */; };
		3DF76D911C11D39600C181FA /* NSNumber+TemperatureFormatter.m in Sources */ = {isa = PBXBuildFile; fileRef = 3DF76D901C11D39600C181FA /* NSNumber+TemperatureFormatter.m */; };
		927ED1F75F51577D89E06C31 /* libPods-WeatherApp.a in Frameworks */ = {isa = PBXBuildFile; fileRef = 4A077F55085095F4E53F285D /* libPods-WeatherApp.a */; };
/* End PBXBuildFile section */

/* Begin PBXContainerItemProxy section */
		3DF3B7C51C0FDDA10024C06C /* PBXContainerItemProxy */ = {
			isa = PBXContainerItemProxy;
			containerPortal = 3DF3B7A31C0FDDA10024C06C /* Project object */;
			proxyType = 1;
			remoteGlobalIDString = 3DF3B7AA1C0FDDA10024C06C;
			remoteInfo = WeatherApp;
		};
/* End PBXContainerItemProxy section */

/* Begin PBXFileReference section */
		2C16E3A6C760034A08D1E048 /* Pods-WeatherApp.debug.xcconfig */ = {isa = PBXFileReference; includeInIndex = 1; lastKnownFileType = text.xcconfig; name = "Pods-WeatherApp.debug.xcconfig"; path = "Pods/Target Support Files/Pods-WeatherApp/Pods-WeatherApp.debug.xcconfig"; sourceTree = "<group>"; };
		3D342FF51C0FDEC700351C0F /* ForecastViewController.h */ = {isa = PBXFileReference; fileEncoding = 4; lastKnownFileType = sourcecode.c.h; path = ForecastViewController.h; sourceTree = "<group>"; };
		3D342FF61C0FDEC700351C0F /* ForecastViewController.m */ = {isa = PBXFileReference; fileEncoding = 4; lastKnownFileType = sourcecode.c.objc; path = ForecastViewController.m; sourceTree = "<group>"; };
		3D3430031C0FDFB700351C0F /* SearchCitiesViewController.h */ = {isa = PBXFileReference; fileEncoding = 4; lastKnownFileType = sourcecode.c.h; path = SearchCitiesViewController.h; sourceTree = "<group>"; };
		3D3430041C0FDFB700351C0F /* SearchCitiesViewController.m */ = {isa = PBXFileReference; fileEncoding = 4; lastKnownFileType = sourcecode.c.objc; path = SearchCitiesViewController.m; sourceTree = "<group>"; };
		3D3430071C0FE06900351C0F /* AppWireframe.h */ = {isa = PBXFileReference; fileEncoding = 4; lastKnownFileType = sourcecode.c.h; path = AppWireframe.h; sourceTree = "<group>"; };
		3D3430081C0FE06900351C0F /* AppWireframe.m */ = {isa = PBXFileReference; fileEncoding = 4; lastKnownFileType = sourcecode.c.objc; path = AppWireframe.m; sourceTree = "<group>"; };
		3D34300B1C0FE1B500351C0F /* AppStoryboard.h */ = {isa = PBXFileReference; fileEncoding = 4; lastKnownFileType = sourcecode.c.h; path = AppStoryboard.h; sourceTree = "<group>"; };
		3D34300C1C0FE1B500351C0F /* AppStoryboard.m */ = {isa = PBXFileReference; fileEncoding = 4; lastKnownFileType = sourcecode.c.objc; path = AppStoryboard.m; sourceTree = "<group>"; };
		3D3430151C0FEBA600351C0F /* ForecastViewPresenter.h */ = {isa = PBXFileReference; fileEncoding = 4; lastKnownFileType = sourcecode.c.h; path = ForecastViewPresenter.h; sourceTree = "<group>"; };
		3D3430161C0FEBA600351C0F /* ForecastViewPresenter.m */ = {isa = PBXFileReference; fileEncoding = 4; lastKnownFileType = sourcecode.c.objc; path = ForecastViewPresenter.m; sourceTree = "<group>"; };
		3D3430181C0FF06200351C0F /* ForecastViewWireframe.h */ = {isa = PBXFileReference; fileEncoding = 4; lastKnownFileType = sourcecode.c.h; path = ForecastViewWireframe.h; sourceTree = "<group>"; };
		3D3430191C0FF06200351C0F /* ForecastViewWireframe.m */ = {isa = PBXFileReference; fileEncoding = 4; lastKnownFileType = sourcecode.c.objc; path = ForecastViewWireframe.m; sourceTree = "<group>"; };
		3D34301B1C1066F900351C0F /* ForecastViewInteractor.h */ = {isa = PBXFileReference; fileEncoding = 4; lastKnownFileType = sourcecode.c.h; path = ForecastViewInteractor.h; sourceTree = "<group>"; };
		3D34301C1C1066F900351C0F /* ForecastViewInteractor.m */ = {isa = PBXFileReference; fileEncoding = 4; lastKnownFileType = sourcecode.c.objc; path = ForecastViewInteractor.m; sourceTree = "<group>"; };
		3D34301F1C10688F00351C0F /* ForecastDataManager.h */ = {isa = PBXFileReference; fileEncoding = 4; lastKnownFileType = sourcecode.c.h; path = ForecastDataManager.h; sourceTree = "<group>"; };
		3D3430201C10688F00351C0F /* ForecastDataManager.m */ = {isa = PBXFileReference; fileEncoding = 4; lastKnownFileType = sourcecode.c.objc; path = ForecastDataManager.m; sourceTree = "<group>"; };
		3D3430311C108CE400351C0F /* ForecastDataManagerParameters.h */ = {isa = PBXFileReference; fileEncoding = 4; lastKnownFileType = sourcecode.c.h; path = ForecastDataManagerParameters.h; sourceTree = "<group>"; };
		3D3430321C108CE400351C0F /* ForecastDataManagerParameters.m */ = {isa = PBXFileReference; fileEncoding = 4; lastKnownFileType = sourcecode.c.objc; path = ForecastDataManagerParameters.m; sourceTree = "<group>"; };
		3D80EE371C1370B500ACE7AF /* SearchCitiesInteractor.h */ = {isa = PBXFileReference; fileEncoding = 4; lastKnownFileType = sourcecode.c.h; lineEnding = 0; path = SearchCitiesInteractor.h; sourceTree = "<group>"; xcLanguageSpecificationIdentifier = xcode.lang.objcpp; };
		3D80EE381C1370B500ACE7AF /* SearchCitiesInteractor.m */ = {isa = PBXFileReference; fileEncoding = 4; lastKnownFileType = sourcecode.c.objc; lineEnding = 0; path = SearchCitiesInteractor.m; sourceTree = "<group>"; xcLanguageSpecificationIdentifier = xcode.lang.objc; };
		3D80EE3F1C1378A900ACE7AF /* CityDisplayData.h */ = {isa = PBXFileReference; fileEncoding = 4; lastKnownFileType = sourcecode.c.h; path = CityDisplayData.h; sourceTree = "<group>"; };
		3D80EE401C1378A900ACE7AF /* CityDisplayData.m */ = {isa = PBXFileReference; fileEncoding = 4; lastKnownFileType = sourcecode.c.objc; path = CityDisplayData.m; sourceTree = "<group>"; };
		3D80EE421C1379AB00ACE7AF /* CityDisplayDataCollector.h */ = {isa = PBXFileReference; fileEncoding = 4; lastKnownFileType = sourcecode.c.h; path = CityDisplayDataCollector.h; sourceTree = "<group>"; };
		3D80EE431C1379AB00ACE7AF /* CityDisplayDataCollector.m */ = {isa = PBXFileReference; fileEncoding = 4; lastKnownFileType = sourcecode.c.objc; path = CityDisplayDataCollector.m; sourceTree = "<group>"; };
		3D80EE451C137B5400ACE7AF /* SearchCitiesPresenter.h */ = {isa = PBXFileReference; fileEncoding = 4; lastKnownFileType = sourcecode.c.h; path = SearchCitiesPresenter.h; sourceTree = "<group>"; };
		3D80EE461C137B5400ACE7AF /* SearchCitiesPresenter.m */ = {isa = PBXFileReference; fileEncoding = 4; lastKnownFileType = sourcecode.c.objc; lineEnding = 0; path = SearchCitiesPresenter.m; sourceTree = "<group>"; xcLanguageSpecificationIdentifier = xcode.lang.objc; };
		3D80EE481C137CF500ACE7AF /* CitiesListDisplayData.h */ = {isa = PBXFileReference; fileEncoding = 4; lastKnownFileType = sourcecode.c.h; path = CitiesListDisplayData.h; sourceTree = "<group>"; };
		3D80EE491C137CF500ACE7AF /* CitiesListDisplayData.m */ = {isa = PBXFileReference; fileEncoding = 4; lastKnownFileType = sourcecode.c.objc; path = CitiesListDisplayData.m; sourceTree = "<group>"; };
		3D80EE4F1C13A0B700ACE7AF /* SearchCitiesViewWireframe.h */ = {isa = PBXFileReference; fileEncoding = 4; lastKnownFileType = sourcecode.c.h; path = SearchCitiesViewWireframe.h; sourceTree = "<group>"; };
		3D80EE501C13A0B700ACE7AF /* SearchCitiesViewWireframe.m */ = {isa = PBXFileReference; fileEncoding = 4; lastKnownFileType = sourcecode.c.objc; path = SearchCitiesViewWireframe.m; sourceTree = "<group>"; };
		3D80EE531C13B2BD00ACE7AF /* UICityTableViewCell.h */ = {isa = PBXFileReference; fileEncoding = 4; lastKnownFileType = sourcecode.c.h; path = UICityTableViewCell.h; sourceTree = "<group>"; };
		3D80EE541C13B2BD00ACE7AF /* UICityTableViewCell.m */ = {isa = PBXFileReference; fileEncoding = 4; lastKnownFileType = sourcecode.c.objc; path = UICityTableViewCell.m; sourceTree = "<group>"; };
		3D80EE571C13FEE600ACE7AF /* SavedCitiesDataManager.h */ = {isa = PBXFileReference; fileEncoding = 4; lastKnownFileType = sourcecode.c.h; path = SavedCitiesDataManager.h; sourceTree = "<group>"; };
		3D80EE581C13FEE600ACE7AF /* SavedCitiesDataManager.m */ = {isa = PBXFileReference; fileEncoding = 4; lastKnownFileType = sourcecode.c.objc; path = SavedCitiesDataManager.m; sourceTree = "<group>"; };
		3D80EE5B1C13FF2E00ACE7AF /* SavedCitiesInteractor.h */ = {isa = PBXFileReference; fileEncoding = 4; lastKnownFileType = sourcecode.c.h; path = SavedCitiesInteractor.h; sourceTree = "<group>"; };
		3D80EE5C1C13FF2E00ACE7AF /* SavedCitiesInteractor.m */ = {isa = PBXFileReference; fileEncoding = 4; lastKnownFileType = sourcecode.c.objc; path = SavedCitiesInteractor.m; sourceTree = "<group>"; };
		3D80EE5E1C140D5400ACE7AF /* SavedCitiesViewController.h */ = {isa = PBXFileReference; fileEncoding = 4; lastKnownFileType = sourcecode.c.h; path = SavedCitiesViewController.h; sourceTree = "<group>"; };
		3D80EE5F1C140D5400ACE7AF /* SavedCitiesViewController.m */ = {isa = PBXFileReference; fileEncoding = 4; lastKnownFileType = sourcecode.c.objc; path = SavedCitiesViewController.m; sourceTree = "<group>"; };
		3D80EE611C14127600ACE7AF /* SavedCitiesPresenter.h */ = {isa = PBXFileReference; fileEncoding = 4; lastKnownFileType = sourcecode.c.h; path = SavedCitiesPresenter.h; sourceTree = "<group>"; };
		3D80EE621C14127600ACE7AF /* SavedCitiesPresenter.m */ = {isa = PBXFileReference; fileEncoding = 4; lastKnownFileType = sourcecode.c.objc; path = SavedCitiesPresenter.m; sourceTree = "<group>"; };
		3D80EE641C1417B600ACE7AF /* SavedCitiesWireframe.h */ = {isa = PBXFileReference; fileEncoding = 4; lastKnownFileType = sourcecode.c.h; path = SavedCitiesWireframe.h; sourceTree = "<group>"; };
		3D80EE651C1417B600ACE7AF /* SavedCitiesWireframe.m */ = {isa = PBXFileReference; fileEncoding = 4; lastKnownFileType = sourcecode.c.objc; path = SavedCitiesWireframe.m; sourceTree = "<group>"; };
		3D80EE671C14CB6C00ACE7AF /* search_icon.png */ = {isa = PBXFileReference; lastKnownFileType = image.png; path = search_icon.png; sourceTree = "<group>"; };
		3D80EE681C14CB6C00ACE7AF /* search_icon@2x.png */ = {isa = PBXFileReference; lastKnownFileType = image.png; path = "search_icon@2x.png"; sourceTree = "<group>"; };
		3D80EE691C14CB6C00ACE7AF /* search_icon@3x.png */ = {isa = PBXFileReference; lastKnownFileType = image.png; path = "search_icon@3x.png"; sourceTree = "<group>"; };
		3D80EE6F1C14EB6800ACE7AF /* Forecast.h */ = {isa = PBXFileReference; fileEncoding = 4; lastKnownFileType = sourcecode.c.h; path = Forecast.h; sourceTree = "<group>"; };
		3D80EE701C14EB6800ACE7AF /* Forecast.m */ = {isa = PBXFileReference; fileEncoding = 4; lastKnownFileType = sourcecode.c.objc; path = Forecast.m; sourceTree = "<group>"; };
		3D80EE711C14EB6800ACE7AF /* ForecastCurrentCondition.h */ = {isa = PBXFileReference; fileEncoding = 4; lastKnownFileType = sourcecode.c.h; path = ForecastCurrentCondition.h; sourceTree = "<group>"; };
		3D80EE721C14EB6800ACE7AF /* ForecastCurrentCondition.m */ = {isa = PBXFileReference; fileEncoding = 4; lastKnownFileType = sourcecode.c.objc; path = ForecastCurrentCondition.m; sourceTree = "<group>"; };
		3D80EE731C14EB6800ACE7AF /* ForecastUpcomingCondition.h */ = {isa = PBXFileReference; fileEncoding = 4; lastKnownFileType = sourcecode.c.h; path = ForecastUpcomingCondition.h; sourceTree = "<group>"; };
		3D80EE741C14EB6800ACE7AF /* ForecastUpcomingCondition.m */ = {isa = PBXFileReference; fileEncoding = 4; lastKnownFileType = sourcecode.c.objc; path = ForecastUpcomingCondition.m; sourceTree = "<group>"; };
		3D80EE751C14EB6800ACE7AF /* ForecastWeatherDescription.h */ = {isa = PBXFileReference; fileEncoding = 4; lastKnownFileType = sourcecode.c.h; path = ForecastWeatherDescription.h; sourceTree = "<group>"; };
		3D80EE761C14EB6800ACE7AF /* ForecastWeatherDescription.m */ = {isa = PBXFileReference; fileEncoding = 4; lastKnownFileType = sourcecode.c.objc; path = ForecastWeatherDescription.m; sourceTree = "<group>"; };
		3D80EE7B1C14EB8700ACE7AF /* ForecastHourlyCondition.h */ = {isa = PBXFileReference; fileEncoding = 4; lastKnownFileType = sourcecode.c.h; path = ForecastHourlyCondition.h; sourceTree = "<group>"; };
		3D80EE7C1C14EB8700ACE7AF /* ForecastHourlyCondition.m */ = {isa = PBXFileReference; fileEncoding = 4; lastKnownFileType = sourcecode.c.objc; path = ForecastHourlyCondition.m; sourceTree = "<group>"; };
		3D80EE7F1C14EBDF00ACE7AF /* City.h */ = {isa = PBXFileReference; fileEncoding = 4; lastKnownFileType = sourcecode.c.h; path = City.h; sourceTree = "<group>"; };
		3D80EE801C14EBDF00ACE7AF /* City.m */ = {isa = PBXFileReference; fileEncoding = 4; lastKnownFileType = sourcecode.c.objc; path = City.m; sourceTree = "<group>"; };
		3DD9571A1C128EB80027A63D /* UIUpcomingConditionTableViewCell.h */ = {isa = PBXFileReference; fileEncoding = 4; lastKnownFileType = sourcecode.c.h; path = UIUpcomingConditionTableViewCell.h; sourceTree = "<group>"; };
		3DD9571B1C128EB80027A63D /* UIUpcomingConditionTableViewCell.m */ = {isa = PBXFileReference; fileEncoding = 4; lastKnownFileType = sourcecode.c.objc; path = UIUpcomingConditionTableViewCell.m; sourceTree = "<group>"; };
		3DD9571E1C12A4610027A63D /* UIUpcomingConditionTableViewCell+ForecastUpcomingConditionDisplayData.h */ = {isa = PBXFileReference; fileEncoding = 4; lastKnownFileType = sourcecode.c.h; path = "UIUpcomingConditionTableViewCell+ForecastUpcomingConditionDisplayData.h"; sourceTree = "<group>"; };
		3DD9571F1C12A4610027A63D /* UIUpcomingConditionTableViewCell+ForecastUpcomingConditionDisplayData.m */ = {isa = PBXFileReference; fileEncoding = 4; lastKnownFileType = sourcecode.c.objc; path = "UIUpcomingConditionTableViewCell+ForecastUpcomingConditionDisplayData.m"; sourceTree = "<group>"; };
		3DD957211C12A7A70027A63D /* UIHourlyConditionTableViewHeaderView.h */ = {isa = PBXFileReference; fileEncoding = 4; lastKnownFileType = sourcecode.c.h; path = UIHourlyConditionTableViewHeaderView.h; sourceTree = "<group>"; };
		3DD957221C12A7A70027A63D /* UIHourlyConditionTableViewHeaderView.m */ = {isa = PBXFileReference; fileEncoding = 4; lastKnownFileType = sourcecode.c.objc; path = UIHourlyConditionTableViewHeaderView.m; sourceTree = "<group>"; };
		3DD957241C12A7B50027A63D /* UIHourlyConditionTableViewHeaderView.xib */ = {isa = PBXFileReference; fileEncoding = 4; lastKnownFileType = file.xib; path = UIHourlyConditionTableViewHeaderView.xib; sourceTree = "<group>"; };
		3DD957261C12AFBF0027A63D /* UIHourlyConditionCollectionViewCell.h */ = {isa = PBXFileReference; fileEncoding = 4; lastKnownFileType = sourcecode.c.h; path = UIHourlyConditionCollectionViewCell.h; sourceTree = "<group>"; };
		3DD957271C12AFBF0027A63D /* UIHourlyConditionCollectionViewCell.m */ = {isa = PBXFileReference; fileEncoding = 4; lastKnownFileType = sourcecode.c.objc; path = UIHourlyConditionCollectionViewCell.m; sourceTree = "<group>"; };
		3DD957281C12AFBF0027A63D /* UIHourlyConditionCollectionViewCell.xib */ = {isa = PBXFileReference; fileEncoding = 4; lastKnownFileType = file.xib; path = UIHourlyConditionCollectionViewCell.xib; sourceTree = "<group>"; };
		3DD9572B1C12B2760027A63D /* UIHourlyConditionCollectionViewCell+ForecastHourlyConditionDisplayData.h */ = {isa = PBXFileReference; fileEncoding = 4; lastKnownFileType = sourcecode.c.h; path = "UIHourlyConditionCollectionViewCell+ForecastHourlyConditionDisplayData.h"; sourceTree = "<group>"; };
		3DD9572C1C12B2760027A63D /* UIHourlyConditionCollectionViewCell+ForecastHourlyConditionDisplayData.m */ = {isa = PBXFileReference; fileEncoding = 4; lastKnownFileType = sourcecode.c.objc; path = "UIHourlyConditionCollectionViewCell+ForecastHourlyConditionDisplayData.m"; sourceTree = "<group>"; };
		3DF3B7AB1C0FDDA10024C06C /* WeatherApp.app */ = {isa = PBXFileReference; explicitFileType = wrapper.application; includeInIndex = 0; path = WeatherApp.app; sourceTree = BUILT_PRODUCTS_DIR; };
		3DF3B7AF1C0FDDA10024C06C /* main.m */ = {isa = PBXFileReference; lastKnownFileType = sourcecode.c.objc; path = main.m; sourceTree = "<group>"; };
		3DF3B7B11C0FDDA10024C06C /* AppDelegate.h */ = {isa = PBXFileReference; lastKnownFileType = sourcecode.c.h; path = AppDelegate.h; sourceTree = "<group>"; };
		3DF3B7B21C0FDDA10024C06C /* AppDelegate.m */ = {isa = PBXFileReference; lastKnownFileType = sourcecode.c.objc; path = AppDelegate.m; sourceTree = "<group>"; };
		3DF3B7B81C0FDDA10024C06C /* Base */ = {isa = PBXFileReference; lastKnownFileType = file.storyboard; name = Base; path = Base.lproj/Main.storyboard; sourceTree = "<group>"; };
		3DF3B7BA1C0FDDA10024C06C /* Assets.xcassets */ = {isa = PBXFileReference; lastKnownFileType = folder.assetcatalog; path = Assets.xcassets; sourceTree = "<group>"; };
		3DF3B7BD1C0FDDA10024C06C /* Base */ = {isa = PBXFileReference; lastKnownFileType = file.storyboard; name = Base; path = Base.lproj/LaunchScreen.storyboard; sourceTree = "<group>"; };
		3DF3B7BF1C0FDDA10024C06C /* Info.plist */ = {isa = PBXFileReference; lastKnownFileType = text.plist.xml; path = Info.plist; sourceTree = "<group>"; };
		3DF3B7C41C0FDDA10024C06C /* WeatherAppTests.xctest */ = {isa = PBXFileReference; explicitFileType = wrapper.cfbundle; includeInIndex = 0; path = WeatherAppTests.xctest; sourceTree = BUILT_PRODUCTS_DIR; };
		3DF3B7CA1C0FDDA10024C06C /* Info.plist */ = {isa = PBXFileReference; lastKnownFileType = text.plist.xml; path = Info.plist; sourceTree = "<group>"; };
		3DF76D691C1147D100C181FA /* Localizable.strings */ = {isa = PBXFileReference; fileEncoding = 4; lastKnownFileType = text.plist.strings; path = Localizable.strings; sourceTree = "<group>"; };
		3DF76D741C11578600C181FA /* ForecastDisplayDataCollector.h */ = {isa = PBXFileReference; fileEncoding = 4; lastKnownFileType = sourcecode.c.h; path = ForecastDisplayDataCollector.h; sourceTree = "<group>"; };
		3DF76D751C11578600C181FA /* ForecastDisplayDataCollector.m */ = {isa = PBXFileReference; fileEncoding = 4; lastKnownFileType = sourcecode.c.objc; path = ForecastDisplayDataCollector.m; sourceTree = "<group>"; };
		3DF76D781C115A6B00C181FA /* ForecastUpcomingConditionDisplayData.h */ = {isa = PBXFileReference; fileEncoding = 4; lastKnownFileType = sourcecode.c.h; path = ForecastUpcomingConditionDisplayData.h; sourceTree = "<group>"; };
		3DF76D791C115A6B00C181FA /* ForecastUpcomingConditionDisplayData.m */ = {isa = PBXFileReference; fileEncoding = 4; lastKnownFileType = sourcecode.c.objc; path = ForecastUpcomingConditionDisplayData.m; sourceTree = "<group>"; };
		3DF76D7C1C115A8300C181FA /* ForecastCurrentConditionDisplayData.h */ = {isa = PBXFileReference; fileEncoding = 4; lastKnownFileType = sourcecode.c.h; path = ForecastCurrentConditionDisplayData.h; sourceTree = "<group>"; };
		3DF76D7D1C115A8300C181FA /* ForecastCurrentConditionDisplayData.m */ = {isa = PBXFileReference; fileEncoding = 4; lastKnownFileType = sourcecode.c.objc; path = ForecastCurrentConditionDisplayData.m; sourceTree = "<group>"; };
		3DF76D7F1C115A9300C181FA /* ForecastDisplayData.h */ = {isa = PBXFileReference; fileEncoding = 4; lastKnownFileType = sourcecode.c.h; path = ForecastDisplayData.h; sourceTree = "<group>"; };
		3DF76D801C115A9300C181FA /* ForecastDisplayData.m */ = {isa = PBXFileReference; fileEncoding = 4; lastKnownFileType = sourcecode.c.objc; path = ForecastDisplayData.m; sourceTree = "<group>"; };
		3DF76D881C11CE5D00C181FA /* ForecastHourlyConditionDisplayData.h */ = {isa = PBXFileReference; fileEncoding = 4; lastKnownFileType = sourcecode.c.h; path = ForecastHourlyConditionDisplayData.h; sourceTree = "<group>"; };
		3DF76D891C11CE5D00C181FA /* ForecastHourlyConditionDisplayData.m */ = {isa = PBXFileReference; fileEncoding = 4; lastKnownFileType = sourcecode.c.objc; path = ForecastHourlyConditionDisplayData.m; sourceTree = "<group>"; };
		3DF76D8F1C11D39600C181FA /* NSNumber+TemperatureFormatter.h */ = {isa = PBXFileReference; fileEncoding = 4; lastKnownFileType = sourcecode.c.h; path = "NSNumber+TemperatureFormatter.h"; sourceTree = "<group>"; };
		3DF76D901C11D39600C181FA /* NSNumber+TemperatureFormatter.m */ = {isa = PBXFileReference; fileEncoding = 4; lastKnownFileType = sourcecode.c.objc; path = "NSNumber+TemperatureFormatter.m"; sourceTree = "<group>"; };
		4A077F55085095F4E53F285D /* libPods-WeatherApp.a */ = {isa = PBXFileReference; explicitFileType = archive.ar; includeInIndex = 0; path = "libPods-WeatherApp.a"; sourceTree = BUILT_PRODUCTS_DIR; };
		7CB63E914B8DF11F1321B8E3 /* Pods-WeatherApp.release.xcconfig */ = {isa = PBXFileReference; includeInIndex = 1; lastKnownFileType = text.xcconfig; name = "Pods-WeatherApp.release.xcconfig"; path = "Pods/Target Support Files/Pods-WeatherApp/Pods-WeatherApp.release.xcconfig"; sourceTree = "<group>"; };
/* End PBXFileReference section */

/* Begin PBXFrameworksBuildPhase section */
		3DF3B7A81C0FDDA10024C06C /* Frameworks */ = {
			isa = PBXFrameworksBuildPhase;
			buildActionMask = 2147483647;
			files = (
				927ED1F75F51577D89E06C31 /* libPods-WeatherApp.a in Frameworks */,
			);
			runOnlyForDeploymentPostprocessing = 0;
		};
		3DF3B7C11C0FDDA10024C06C /* Frameworks */ = {
			isa = PBXFrameworksBuildPhase;
			buildActionMask = 2147483647;
			files = (
			);
			runOnlyForDeploymentPostprocessing = 0;
		};
/* End PBXFrameworksBuildPhase section */

/* Begin PBXGroup section */
		3D342FF41C0FDE9A00351C0F /* Forecast */ = {
			isa = PBXGroup;
			children = (
				3DD957191C128E8D0027A63D /* UI */,
				3DF76D771C115A0200C181FA /* DisplayData */,
				3D34301E1C10682100351C0F /* Data */,
				3D342FF51C0FDEC700351C0F /* ForecastViewController.h */,
				3D342FF61C0FDEC700351C0F /* ForecastViewController.m */,
				3D3430151C0FEBA600351C0F /* ForecastViewPresenter.h */,
				3D3430161C0FEBA600351C0F /* ForecastViewPresenter.m */,
				3D3430181C0FF06200351C0F /* ForecastViewWireframe.h */,
				3D3430191C0FF06200351C0F /* ForecastViewWireframe.m */,
			);
			path = Forecast;
			sourceTree = "<group>";
		};
		3D342FFC1C0FDF4F00351C0F /* SearchCities */ = {
			isa = PBXGroup;
			children = (
				3D80EE521C13B2A500ACE7AF /* UI */,
				3D80EE3E1C13789800ACE7AF /* DisplayData */,
				3D3430031C0FDFB700351C0F /* SearchCitiesViewController.h */,
				3D3430041C0FDFB700351C0F /* SearchCitiesViewController.m */,
				3D80EE451C137B5400ACE7AF /* SearchCitiesPresenter.h */,
				3D80EE461C137B5400ACE7AF /* SearchCitiesPresenter.m */,
				3D80EE4F1C13A0B700ACE7AF /* SearchCitiesViewWireframe.h */,
				3D80EE501C13A0B700ACE7AF /* SearchCitiesViewWireframe.m */,
				3D80EE371C1370B500ACE7AF /* SearchCitiesInteractor.h */,
				3D80EE381C1370B500ACE7AF /* SearchCitiesInteractor.m */,
			);
			path = SearchCities;
			sourceTree = "<group>";
		};
		3D3430061C0FE00900351C0F /* Resources */ = {
			isa = PBXGroup;
			children = (
				3DD957161C1287130027A63D /* Images */,
				3DF76D691C1147D100C181FA /* Localizable.strings */,
			);
			path = Resources;
			sourceTree = "<group>";
		};
		3D34300A1C0FE19A00351C0F /* Helpers */ = {
			isa = PBXGroup;
			children = (
				3D34300B1C0FE1B500351C0F /* AppStoryboard.h */,
				3D34300C1C0FE1B500351C0F /* AppStoryboard.m */,
			);
			path = Helpers;
			sourceTree = "<group>";
		};
		3D34301E1C10682100351C0F /* Data */ = {
			isa = PBXGroup;
			children = (
				3D34301B1C1066F900351C0F /* ForecastViewInteractor.h */,
				3D34301C1C1066F900351C0F /* ForecastViewInteractor.m */,
				3D34301F1C10688F00351C0F /* ForecastDataManager.h */,
				3D3430201C10688F00351C0F /* ForecastDataManager.m */,
				3D3430311C108CE400351C0F /* ForecastDataManagerParameters.h */,
				3D3430321C108CE400351C0F /* ForecastDataManagerParameters.m */,
			);
			name = Data;
			sourceTree = "<group>";
		};
		3D80EE3E1C13789800ACE7AF /* DisplayData */ = {
			isa = PBXGroup;
			children = (
				3D80EE3F1C1378A900ACE7AF /* CityDisplayData.h */,
				3D80EE401C1378A900ACE7AF /* CityDisplayData.m */,
				3D80EE481C137CF500ACE7AF /* CitiesListDisplayData.h */,
				3D80EE491C137CF500ACE7AF /* CitiesListDisplayData.m */,
				3D80EE421C1379AB00ACE7AF /* CityDisplayDataCollector.h */,
				3D80EE431C1379AB00ACE7AF /* CityDisplayDataCollector.m */,
			);
			name = DisplayData;
			sourceTree = "<group>";
		};
		3D80EE521C13B2A500ACE7AF /* UI */ = {
			isa = PBXGroup;
			children = (
				3D80EE531C13B2BD00ACE7AF /* UICityTableViewCell.h */,
				3D80EE541C13B2BD00ACE7AF /* UICityTableViewCell.m */,
			);
			name = UI;
			sourceTree = "<group>";
		};
		3D80EE561C13EF6900ACE7AF /* SavedCities */ = {
			isa = PBXGroup;
			children = (
				3D80EE5A1C13FEE800ACE7AF /* DataManager */,
				3D80EE5E1C140D5400ACE7AF /* SavedCitiesViewController.h */,
				3D80EE5F1C140D5400ACE7AF /* SavedCitiesViewController.m */,
				3D80EE611C14127600ACE7AF /* SavedCitiesPresenter.h */,
				3D80EE621C14127600ACE7AF /* SavedCitiesPresenter.m */,
				3D80EE641C1417B600ACE7AF /* SavedCitiesWireframe.h */,
				3D80EE651C1417B600ACE7AF /* SavedCitiesWireframe.m */,
				3D80EE5B1C13FF2E00ACE7AF /* SavedCitiesInteractor.h */,
				3D80EE5C1C13FF2E00ACE7AF /* SavedCitiesInteractor.m */,
			);
			path = SavedCities;
			sourceTree = "<group>";
		};
		3D80EE5A1C13FEE800ACE7AF /* DataManager */ = {
			isa = PBXGroup;
			children = (
				3D80EE571C13FEE600ACE7AF /* SavedCitiesDataManager.h */,
				3D80EE581C13FEE600ACE7AF /* SavedCitiesDataManager.m */,
			);
			name = DataManager;
			sourceTree = "<group>";
		};
		3D80EE6D1C14EACF00ACE7AF /* Models */ = {
			isa = PBXGroup;
			children = (
				3D80EE7E1C14EB9500ACE7AF /* City */,
				3D80EE6E1C14EB4200ACE7AF /* Forecast */,
			);
			path = Models;
			sourceTree = "<group>";
		};
		3D80EE6E1C14EB4200ACE7AF /* Forecast */ = {
			isa = PBXGroup;
			children = (
				3D80EE7B1C14EB8700ACE7AF /* ForecastHourlyCondition.h */,
				3D80EE7C1C14EB8700ACE7AF /* ForecastHourlyCondition.m */,
				3D80EE6F1C14EB6800ACE7AF /* Forecast.h */,
				3D80EE701C14EB6800ACE7AF /* Forecast.m */,
				3D80EE711C14EB6800ACE7AF /* ForecastCurrentCondition.h */,
				3D80EE721C14EB6800ACE7AF /* ForecastCurrentCondition.m */,
				3D80EE731C14EB6800ACE7AF /* ForecastUpcomingCondition.h */,
				3D80EE741C14EB6800ACE7AF /* ForecastUpcomingCondition.m */,
				3D80EE751C14EB6800ACE7AF /* ForecastWeatherDescription.h */,
				3D80EE761C14EB6800ACE7AF /* ForecastWeatherDescription.m */,
			);
			path = Forecast;
			sourceTree = "<group>";
		};
		3D80EE7E1C14EB9500ACE7AF /* City */ = {
			isa = PBXGroup;
			children = (
				3D80EE7F1C14EBDF00ACE7AF /* City.h */,
				3D80EE801C14EBDF00ACE7AF /* City.m */,
			);
			path = City;
			sourceTree = "<group>";
		};
		3DD957161C1287130027A63D /* Images */ = {
			isa = PBXGroup;
			children = (
				3D80EE671C14CB6C00ACE7AF /* search_icon.png */,
				3D80EE681C14CB6C00ACE7AF /* search_icon@2x.png */,
				3D80EE691C14CB6C00ACE7AF /* search_icon@3x.png */,
			);
			path = Images;
			sourceTree = "<group>";
		};
		3DD957191C128E8D0027A63D /* UI */ = {
			isa = PBXGroup;
			children = (
				3DD9571D1C12A3F40027A63D /* Categories */,
				3DD9571A1C128EB80027A63D /* UIUpcomingConditionTableViewCell.h */,
				3DD9571B1C128EB80027A63D /* UIUpcomingConditionTableViewCell.m */,
				3DD957211C12A7A70027A63D /* UIHourlyConditionTableViewHeaderView.h */,
				3DD957221C12A7A70027A63D /* UIHourlyConditionTableViewHeaderView.m */,
				3DD957241C12A7B50027A63D /* UIHourlyConditionTableViewHeaderView.xib */,
				3DD957261C12AFBF0027A63D /* UIHourlyConditionCollectionViewCell.h */,
				3DD957271C12AFBF0027A63D /* UIHourlyConditionCollectionViewCell.m */,
				3DD957281C12AFBF0027A63D /* UIHourlyConditionCollectionViewCell.xib */,
			);
			path = UI;
			sourceTree = "<group>";
		};
		3DD9571D1C12A3F40027A63D /* Categories */ = {
			isa = PBXGroup;
			children = (
				3DD9571E1C12A4610027A63D /* UIUpcomingConditionTableViewCell+ForecastUpcomingConditionDisplayData.h */,
				3DD9571F1C12A4610027A63D /* UIUpcomingConditionTableViewCell+ForecastUpcomingConditionDisplayData.m */,
				3DD9572B1C12B2760027A63D /* UIHourlyConditionCollectionViewCell+ForecastHourlyConditionDisplayData.h */,
				3DD9572C1C12B2760027A63D /* UIHourlyConditionCollectionViewCell+ForecastHourlyConditionDisplayData.m */,
			);
			name = Categories;
			path = ../Categories;
			sourceTree = "<group>";
		};
		3DF3B7A21C0FDDA10024C06C = {
			isa = PBXGroup;
			children = (
				3DF3B7AD1C0FDDA10024C06C /* WeatherApp */,
				3DF3B7C71C0FDDA10024C06C /* WeatherAppTests */,
				3DF3B7AC1C0FDDA10024C06C /* Products */,
				73F3F7ECEA0400A6592B070E /* Pods */,
				A64293BBA6034790E1E42F5D /* Frameworks */,
			);
			sourceTree = "<group>";
		};
		3DF3B7AC1C0FDDA10024C06C /* Products */ = {
			isa = PBXGroup;
			children = (
				3DF3B7AB1C0FDDA10024C06C /* WeatherApp.app */,
				3DF3B7C41C0FDDA10024C06C /* WeatherAppTests.xctest */,
			);
			name = Products;
			sourceTree = "<group>";
		};
		3DF3B7AD1C0FDDA10024C06C /* WeatherApp */ = {
			isa = PBXGroup;
			children = (
				3D80EE6D1C14EACF00ACE7AF /* Models */,
				3DF76D8B1C11D33F00C181FA /* Categories */,
				3D34300A1C0FE19A00351C0F /* Helpers */,
				3D3430061C0FE00900351C0F /* Resources */,
				3DF3B7D31C0FDDC30024C06C /* Modules */,
				3DF3B7B11C0FDDA10024C06C /* AppDelegate.h */,
				3DF3B7B21C0FDDA10024C06C /* AppDelegate.m */,
				3D3430071C0FE06900351C0F /* AppWireframe.h */,
				3D3430081C0FE06900351C0F /* AppWireframe.m */,
				3DF3B7B71C0FDDA10024C06C /* Main.storyboard */,
				3DF3B7BC1C0FDDA10024C06C /* LaunchScreen.storyboard */,
				3DF3B7BA1C0FDDA10024C06C /* Assets.xcassets */,
				3DF3B7BF1C0FDDA10024C06C /* Info.plist */,
				3DF3B7AE1C0FDDA10024C06C /* Supporting Files */,
			);
			path = WeatherApp;
			sourceTree = "<group>";
		};
		3DF3B7AE1C0FDDA10024C06C /* Supporting Files */ = {
			isa = PBXGroup;
			children = (
				3DF3B7AF1C0FDDA10024C06C /* main.m */,
			);
			name = "Supporting Files";
			sourceTree = "<group>";
		};
		3DF3B7C71C0FDDA10024C06C /* WeatherAppTests */ = {
			isa = PBXGroup;
			children = (
				3DF3B7CA1C0FDDA10024C06C /* Info.plist */,
			);
			path = WeatherAppTests;
			sourceTree = "<group>";
		};
		3DF3B7D31C0FDDC30024C06C /* Modules */ = {
			isa = PBXGroup;
			children = (
				3D80EE561C13EF6900ACE7AF /* SavedCities */,
				3D342FFC1C0FDF4F00351C0F /* SearchCities */,
				3D342FF41C0FDE9A00351C0F /* Forecast */,
			);
			path = Modules;
			sourceTree = "<group>";
		};
		3DF76D771C115A0200C181FA /* DisplayData */ = {
			isa = PBXGroup;
			children = (
				3DF76D7C1C115A8300C181FA /* ForecastCurrentConditionDisplayData.h */,
				3DF76D7D1C115A8300C181FA /* ForecastCurrentConditionDisplayData.m */,
				3DF76D781C115A6B00C181FA /* ForecastUpcomingConditionDisplayData.h */,
				3DF76D791C115A6B00C181FA /* ForecastUpcomingConditionDisplayData.m */,
				3DF76D881C11CE5D00C181FA /* ForecastHourlyConditionDisplayData.h */,
				3DF76D891C11CE5D00C181FA /* ForecastHourlyConditionDisplayData.m */,
				3DF76D7F1C115A9300C181FA /* ForecastDisplayData.h */,
				3DF76D801C115A9300C181FA /* ForecastDisplayData.m */,
				3DF76D741C11578600C181FA /* ForecastDisplayDataCollector.h */,
				3DF76D751C11578600C181FA /* ForecastDisplayDataCollector.m */,
			);
			name = DisplayData;
			sourceTree = "<group>";
		};
		3DF76D8B1C11D33F00C181FA /* Categories */ = {
			isa = PBXGroup;
			children = (
				3DF76D8F1C11D39600C181FA /* NSNumber+TemperatureFormatter.h */,
				3DF76D901C11D39600C181FA /* NSNumber+TemperatureFormatter.m */,
			);
			path = Categories;
			sourceTree = "<group>";
		};
		73F3F7ECEA0400A6592B070E /* Pods */ = {
			isa = PBXGroup;
			children = (
				2C16E3A6C760034A08D1E048 /* Pods-WeatherApp.debug.xcconfig */,
				7CB63E914B8DF11F1321B8E3 /* Pods-WeatherApp.release.xcconfig */,
			);
			name = Pods;
			sourceTree = "<group>";
		};
		A64293BBA6034790E1E42F5D /* Frameworks */ = {
			isa = PBXGroup;
			children = (
				4A077F55085095F4E53F285D /* libPods-WeatherApp.a */,
			);
			name = Frameworks;
			sourceTree = "<group>";
		};
/* End PBXGroup section */

/* Begin PBXNativeTarget section */
		3DF3B7AA1C0FDDA10024C06C /* WeatherApp */ = {
			isa = PBXNativeTarget;
			buildConfigurationList = 3DF3B7CD1C0FDDA10024C06C /* Build configuration list for PBXNativeTarget "WeatherApp" */;
			buildPhases = (
				36C0F89FADF8ECF7190C5338 /* Check Pods Manifest.lock */,
				3DF3B7A71C0FDDA10024C06C /* Sources */,
				3DF3B7A81C0FDDA10024C06C /* Frameworks */,
				3DF3B7A91C0FDDA10024C06C /* Resources */,
				AF4BDFDF9DBC9A7EAD631620 /* Embed Pods Frameworks */,
				66453BFF51B65FA896D9AC3A /* Copy Pods Resources */,
			);
			buildRules = (
			);
			dependencies = (
			);
			name = WeatherApp;
			productName = WeatherApp;
			productReference = 3DF3B7AB1C0FDDA10024C06C /* WeatherApp.app */;
			productType = "com.apple.product-type.application";
		};
		3DF3B7C31C0FDDA10024C06C /* WeatherAppTests */ = {
			isa = PBXNativeTarget;
			buildConfigurationList = 3DF3B7D01C0FDDA10024C06C /* Build configuration list for PBXNativeTarget "WeatherAppTests" */;
			buildPhases = (
				3DF3B7C01C0FDDA10024C06C /* Sources */,
				3DF3B7C11C0FDDA10024C06C /* Frameworks */,
				3DF3B7C21C0FDDA10024C06C /* Resources */,
			);
			buildRules = (
			);
			dependencies = (
				3DF3B7C61C0FDDA10024C06C /* PBXTargetDependency */,
			);
			name = WeatherAppTests;
			productName = WeatherAppTests;
			productReference = 3DF3B7C41C0FDDA10024C06C /* WeatherAppTests.xctest */;
			productType = "com.apple.product-type.bundle.unit-test";
		};
/* End PBXNativeTarget section */

/* Begin PBXProject section */
		3DF3B7A31C0FDDA10024C06C /* Project object */ = {
			isa = PBXProject;
			attributes = {
				LastUpgradeCheck = 0710;
				ORGANIZATIONNAME = "William Hass";
				TargetAttributes = {
					3DF3B7AA1C0FDDA10024C06C = {
						CreatedOnToolsVersion = 7.1.1;
					};
					3DF3B7C31C0FDDA10024C06C = {
						CreatedOnToolsVersion = 7.1.1;
						TestTargetID = 3DF3B7AA1C0FDDA10024C06C;
					};
				};
			};
			buildConfigurationList = 3DF3B7A61C0FDDA10024C06C /* Build configuration list for PBXProject "WeatherApp" */;
			compatibilityVersion = "Xcode 3.2";
			developmentRegion = English;
			hasScannedForEncodings = 0;
			knownRegions = (
				en,
				Base,
			);
			mainGroup = 3DF3B7A21C0FDDA10024C06C;
			productRefGroup = 3DF3B7AC1C0FDDA10024C06C /* Products */;
			projectDirPath = "";
			projectRoot = "";
			targets = (
				3DF3B7AA1C0FDDA10024C06C /* WeatherApp */,
				3DF3B7C31C0FDDA10024C06C /* WeatherAppTests */,
			);
		};
/* End PBXProject section */

/* Begin PBXResourcesBuildPhase section */
		3DF3B7A91C0FDDA10024C06C /* Resources */ = {
			isa = PBXResourcesBuildPhase;
			buildActionMask = 2147483647;
			files = (
				3DF3B7BE1C0FDDA10024C06C /* LaunchScreen.storyboard in Resources */,
				3DD957251C12A7B50027A63D /* UIHourlyConditionTableViewHeaderView.xib in Resources */,
				3DF76D6A1C1147D100C181FA /* Localizable.strings in Resources */,
				3DF3B7BB1C0FDDA10024C06C /* Assets.xcassets in Resources */,
				3D80EE6A1C14CB6C00ACE7AF /* search_icon.png in Resources */,
				3D80EE6B1C14CB6C00ACE7AF /* search_icon@2x.png in Resources */,
				3DF3B7B91C0FDDA10024C06C /* Main.storyboard in Resources */,
				3D80EE6C1C14CB6C00ACE7AF /* search_icon@3x.png in Resources */,
				3DD9572A1C12AFBF0027A63D /* UIHourlyConditionCollectionViewCell.xib in Resources */,
			);
			runOnlyForDeploymentPostprocessing = 0;
		};
		3DF3B7C21C0FDDA10024C06C /* Resources */ = {
			isa = PBXResourcesBuildPhase;
			buildActionMask = 2147483647;
			files = (
			);
			runOnlyForDeploymentPostprocessing = 0;
		};
/* End PBXResourcesBuildPhase section */

/* Begin PBXShellScriptBuildPhase section */
		36C0F89FADF8ECF7190C5338 /* Check Pods Manifest.lock */ = {
			isa = PBXShellScriptBuildPhase;
			buildActionMask = 2147483647;
			files = (
			);
			inputPaths = (
			);
			name = "Check Pods Manifest.lock";
			outputPaths = (
			);
			runOnlyForDeploymentPostprocessing = 0;
			shellPath = /bin/sh;
			shellScript = "diff \"${PODS_ROOT}/../Podfile.lock\" \"${PODS_ROOT}/Manifest.lock\" > /dev/null\nif [[ $? != 0 ]] ; then\n    cat << EOM\nerror: The sandbox is not in sync with the Podfile.lock. Run 'pod install' or update your CocoaPods installation.\nEOM\n    exit 1\nfi\n";
			showEnvVarsInLog = 0;
		};
		66453BFF51B65FA896D9AC3A /* Copy Pods Resources */ = {
			isa = PBXShellScriptBuildPhase;
			buildActionMask = 2147483647;
			files = (
			);
			inputPaths = (
			);
			name = "Copy Pods Resources";
			outputPaths = (
			);
			runOnlyForDeploymentPostprocessing = 0;
			shellPath = /bin/sh;
			shellScript = "\"${SRCROOT}/Pods/Target Support Files/Pods-WeatherApp/Pods-WeatherApp-resources.sh\"\n";
			showEnvVarsInLog = 0;
		};
		AF4BDFDF9DBC9A7EAD631620 /* Embed Pods Frameworks */ = {
			isa = PBXShellScriptBuildPhase;
			buildActionMask = 2147483647;
			files = (
			);
			inputPaths = (
			);
			name = "Embed Pods Frameworks";
			outputPaths = (
			);
			runOnlyForDeploymentPostprocessing = 0;
			shellPath = /bin/sh;
			shellScript = "\"${SRCROOT}/Pods/Target Support Files/Pods-WeatherApp/Pods-WeatherApp-frameworks.sh\"\n";
			showEnvVarsInLog = 0;
		};
/* End PBXShellScriptBuildPhase section */

/* Begin PBXSourcesBuildPhase section */
		3DF3B7A71C0FDDA10024C06C /* Sources */ = {
			isa = PBXSourcesBuildPhase;
			buildActionMask = 2147483647;
			files = (
				3D80EE471C137B5400ACE7AF /* SearchCitiesPresenter.m in Sources */,
				3D80EE391C1370B500ACE7AF /* SearchCitiesInteractor.m in Sources */,
				3D80EE411C1378A900ACE7AF /* CityDisplayData.m in Sources */,
				3DD957231C12A7A70027A63D /* UIHourlyConditionTableViewHeaderView.m in Sources */,
				3DD957291C12AFBF0027A63D /* UIHourlyConditionCollectionViewCell.m in Sources */,
				3D80EE511C13A0B700ACE7AF /* SearchCitiesViewWireframe.m in Sources */,
				3D80EE5D1C13FF2E00ACE7AF /* SavedCitiesInteractor.m in Sources */,
				3DD9571C1C128EB80027A63D /* UIUpcomingConditionTableViewCell.m in Sources */,
				3D34301D1C1066F900351C0F /* ForecastViewInteractor.m in Sources */,
				3D3430331C108CE400351C0F /* ForecastDataManagerParameters.m in Sources */,
				3D80EE811C14EBDF00ACE7AF /* City.m in Sources */,
				3DD9572D1C12B2760027A63D /* UIHourlyConditionCollectionViewCell+ForecastHourlyConditionDisplayData.m in Sources */,
				3D80EE631C14127600ACE7AF /* SavedCitiesPresenter.m in Sources */,
				3DF76D811C115A9300C181FA /* ForecastDisplayData.m in Sources */,
				3D80EE7D1C14EB8700ACE7AF /* ForecastHourlyCondition.m in Sources */,
				3D80EE551C13B2BD00ACE7AF /* UICityTableViewCell.m in Sources */,
				3D3430171C0FEBA600351C0F /* ForecastViewPresenter.m in Sources */,
				3DF76D8A1C11CE5D00C181FA /* ForecastHourlyConditionDisplayData.m in Sources */,
				3DF76D7A1C115A6B00C181FA /* ForecastUpcomingConditionDisplayData.m in Sources */,
				3DF3B7B31C0FDDA10024C06C /* AppDelegate.m in Sources */,
				3DF76D911C11D39600C181FA /* NSNumber+TemperatureFormatter.m in Sources */,
				3D80EE661C1417B600ACE7AF /* SavedCitiesWireframe.m in Sources */,
				3D3430051C0FDFB700351C0F /* SearchCitiesViewController.m in Sources */,
				3D80EE441C1379AB00ACE7AF /* CityDisplayDataCollector.m in Sources */,
				3D34300D1C0FE1B500351C0F /* AppStoryboard.m in Sources */,
				3DD957201C12A4610027A63D /* UIUpcomingConditionTableViewCell+ForecastUpcomingConditionDisplayData.m in Sources */,
				3D80EE771C14EB6800ACE7AF /* Forecast.m in Sources */,
				3D34301A1C0FF06200351C0F /* ForecastViewWireframe.m in Sources */,
				3D80EE791C14EB6800ACE7AF /* ForecastUpcomingCondition.m in Sources */,
				3D342FF71C0FDEC700351C0F /* ForecastViewController.m in Sources */,
				3D80EE781C14EB6800ACE7AF /* ForecastCurrentCondition.m in Sources */,
				3D3430091C0FE06900351C0F /* AppWireframe.m in Sources */,
				3D80EE601C140D5400ACE7AF /* SavedCitiesViewController.m in Sources */,
				3D80EE4A1C137CF500ACE7AF /* CitiesListDisplayData.m in Sources */,
				3DF3B7B01C0FDDA10024C06C /* main.m in Sources */,
				3D80EE591C13FEE600ACE7AF /* SavedCitiesDataManager.m in Sources */,
				3D3430211C10688F00351C0F /* ForecastDataManager.m in Sources */,
				3DF76D761C11578600C181FA /* ForecastDisplayDataCollector.m in Sources */,
				3DF76D7E1C115A8300C181FA /* ForecastCurrentConditionDisplayData.m in Sources */,
				3D80EE7A1C14EB6800ACE7AF /* ForecastWeatherDescription.m in Sources */,
			);
			runOnlyForDeploymentPostprocessing = 0;
		};
		3DF3B7C01C0FDDA10024C06C /* Sources */ = {
			isa = PBXSourcesBuildPhase;
			buildActionMask = 2147483647;
			files = (
			);
			runOnlyForDeploymentPostprocessing = 0;
		};
/* End PBXSourcesBuildPhase section */

/* Begin PBXTargetDependency section */
		3DF3B7C61C0FDDA10024C06C /* PBXTargetDependency */ = {
			isa = PBXTargetDependency;
			target = 3DF3B7AA1C0FDDA10024C06C /* WeatherApp */;
			targetProxy = 3DF3B7C51C0FDDA10024C06C /* PBXContainerItemProxy */;
		};
/* End PBXTargetDependency section */

/* Begin PBXVariantGroup section */
		3DF3B7B71C0FDDA10024C06C /* Main.storyboard */ = {
			isa = PBXVariantGroup;
			children = (
				3DF3B7B81C0FDDA10024C06C /* Base */,
			);
			name = Main.storyboard;
			sourceTree = "<group>";
		};
		3DF3B7BC1C0FDDA10024C06C /* LaunchScreen.storyboard */ = {
			isa = PBXVariantGroup;
			children = (
				3DF3B7BD1C0FDDA10024C06C /* Base */,
			);
			name = LaunchScreen.storyboard;
			sourceTree = "<group>";
		};
/* End PBXVariantGroup section */

/* Begin XCBuildConfiguration section */
		3DF3B7CB1C0FDDA10024C06C /* Debug */ = {
			isa = XCBuildConfiguration;
			buildSettings = {
				ALWAYS_SEARCH_USER_PATHS = NO;
				CLANG_CXX_LANGUAGE_STANDARD = "gnu++0x";
				CLANG_CXX_LIBRARY = "libc++";
				CLANG_ENABLE_MODULES = YES;
				CLANG_ENABLE_OBJC_ARC = YES;
				CLANG_WARN_BOOL_CONVERSION = YES;
				CLANG_WARN_CONSTANT_CONVERSION = YES;
				CLANG_WARN_DIRECT_OBJC_ISA_USAGE = YES_ERROR;
				CLANG_WARN_EMPTY_BODY = YES;
				CLANG_WARN_ENUM_CONVERSION = YES;
				CLANG_WARN_INT_CONVERSION = YES;
				CLANG_WARN_OBJC_ROOT_CLASS = YES_ERROR;
				CLANG_WARN_UNREACHABLE_CODE = YES;
				CLANG_WARN__DUPLICATE_METHOD_MATCH = YES;
				"CODE_SIGN_IDENTITY[sdk=iphoneos*]" = "iPhone Developer";
				COPY_PHASE_STRIP = NO;
				DEBUG_INFORMATION_FORMAT = dwarf;
				ENABLE_STRICT_OBJC_MSGSEND = YES;
				ENABLE_TESTABILITY = YES;
				GCC_C_LANGUAGE_STANDARD = gnu99;
				GCC_DYNAMIC_NO_PIC = NO;
				GCC_NO_COMMON_BLOCKS = YES;
				GCC_OPTIMIZATION_LEVEL = 0;
				GCC_PREPROCESSOR_DEFINITIONS = (
					"DEBUG=1",
					"$(inherited)",
				);
				GCC_WARN_64_TO_32_BIT_CONVERSION = YES;
				GCC_WARN_ABOUT_RETURN_TYPE = YES_ERROR;
				GCC_WARN_UNDECLARED_SELECTOR = YES;
				GCC_WARN_UNINITIALIZED_AUTOS = YES_AGGRESSIVE;
				GCC_WARN_UNUSED_FUNCTION = YES;
				GCC_WARN_UNUSED_VARIABLE = YES;
				IPHONEOS_DEPLOYMENT_TARGET = 9.1;
				MTL_ENABLE_DEBUG_INFO = YES;
				ONLY_ACTIVE_ARCH = YES;
				SDKROOT = iphoneos;
				TARGETED_DEVICE_FAMILY = "1,2";
			};
			name = Debug;
		};
		3DF3B7CC1C0FDDA10024C06C /* Release */ = {
			isa = XCBuildConfiguration;
			buildSettings = {
				ALWAYS_SEARCH_USER_PATHS = NO;
				CLANG_CXX_LANGUAGE_STANDARD = "gnu++0x";
				CLANG_CXX_LIBRARY = "libc++";
				CLANG_ENABLE_MODULES = YES;
				CLANG_ENABLE_OBJC_ARC = YES;
				CLANG_WARN_BOOL_CONVERSION = YES;
				CLANG_WARN_CONSTANT_CONVERSION = YES;
				CLANG_WARN_DIRECT_OBJC_ISA_USAGE = YES_ERROR;
				CLANG_WARN_EMPTY_BODY = YES;
				CLANG_WARN_ENUM_CONVERSION = YES;
				CLANG_WARN_INT_CONVERSION = YES;
				CLANG_WARN_OBJC_ROOT_CLASS = YES_ERROR;
				CLANG_WARN_UNREACHABLE_CODE = YES;
				CLANG_WARN__DUPLICATE_METHOD_MATCH = YES;
				"CODE_SIGN_IDENTITY[sdk=iphoneos*]" = "iPhone Developer";
				COPY_PHASE_STRIP = NO;
				DEBUG_INFORMATION_FORMAT = "dwarf-with-dsym";
				ENABLE_NS_ASSERTIONS = NO;
				ENABLE_STRICT_OBJC_MSGSEND = YES;
				GCC_C_LANGUAGE_STANDARD = gnu99;
				GCC_NO_COMMON_BLOCKS = YES;
				GCC_WARN_64_TO_32_BIT_CONVERSION = YES;
				GCC_WARN_ABOUT_RETURN_TYPE = YES_ERROR;
				GCC_WARN_UNDECLARED_SELECTOR = YES;
				GCC_WARN_UNINITIALIZED_AUTOS = YES_AGGRESSIVE;
				GCC_WARN_UNUSED_FUNCTION = YES;
				GCC_WARN_UNUSED_VARIABLE = YES;
				IPHONEOS_DEPLOYMENT_TARGET = 9.1;
				MTL_ENABLE_DEBUG_INFO = NO;
				SDKROOT = iphoneos;
				TARGETED_DEVICE_FAMILY = "1,2";
				VALIDATE_PRODUCT = YES;
			};
			name = Release;
		};
		3DF3B7CE1C0FDDA10024C06C /* Debug */ = {
			isa = XCBuildConfiguration;
			baseConfigurationReference = 2C16E3A6C760034A08D1E048 /* Pods-WeatherApp.debug.xcconfig */;
			buildSettings = {
				ASSETCATALOG_COMPILER_APPICON_NAME = AppIcon;
				INFOPLIST_FILE = WeatherApp/Info.plist;
				LD_RUNPATH_SEARCH_PATHS = "$(inherited) @executable_path/Frameworks";
				PRODUCT_BUNDLE_IDENTIFIER = com.lilohass.WeatherApp;
				PRODUCT_NAME = "$(TARGET_NAME)";
			};
			name = Debug;
		};
		3DF3B7CF1C0FDDA10024C06C /* Release */ = {
			isa = XCBuildConfiguration;
			baseConfigurationReference = 7CB63E914B8DF11F1321B8E3 /* Pods-WeatherApp.release.xcconfig */;
			buildSettings = {
				ASSETCATALOG_COMPILER_APPICON_NAME = AppIcon;
				INFOPLIST_FILE = WeatherApp/Info.plist;
				LD_RUNPATH_SEARCH_PATHS = "$(inherited) @executable_path/Frameworks";
				PRODUCT_BUNDLE_IDENTIFIER = com.lilohass.WeatherApp;
				PRODUCT_NAME = "$(TARGET_NAME)";
			};
			name = Release;
		};
		3DF3B7D11C0FDDA10024C06C /* Debug */ = {
			isa = XCBuildConfiguration;
			buildSettings = {
				BUNDLE_LOADER = "$(TEST_HOST)";
				INFOPLIST_FILE = WeatherAppTests/Info.plist;
				LD_RUNPATH_SEARCH_PATHS = "$(inherited) @executable_path/Frameworks @loader_path/Frameworks";
				PRODUCT_BUNDLE_IDENTIFIER = com.lilohass.WeatherAppTests;
				PRODUCT_NAME = "$(TARGET_NAME)";
				TEST_HOST = "$(BUILT_PRODUCTS_DIR)/WeatherApp.app/WeatherApp";
			};
			name = Debug;
		};
		3DF3B7D21C0FDDA10024C06C /* Release */ = {
			isa = XCBuildConfiguration;
			buildSettings = {
				BUNDLE_LOADER = "$(TEST_HOST)";
				INFOPLIST_FILE = WeatherAppTests/Info.plist;
				LD_RUNPATH_SEARCH_PATHS = "$(inherited) @executable_path/Frameworks @loader_path/Frameworks";
				PRODUCT_BUNDLE_IDENTIFIER = com.lilohass.WeatherAppTests;
				PRODUCT_NAME = "$(TARGET_NAME)";
				TEST_HOST = "$(BUILT_PRODUCTS_DIR)/WeatherApp.app/WeatherApp";
			};
			name = Release;
		};
/* End XCBuildConfiguration section */

/* Begin XCConfigurationList section */
		3DF3B7A61C0FDDA10024C06C /* Build configuration list for PBXProject "WeatherApp" */ = {
			isa = XCConfigurationList;
			buildConfigurations = (
				3DF3B7CB1C0FDDA10024C06C /* Debug */,
				3DF3B7CC1C0FDDA10024C06C /* Release */,
			);
			defaultConfigurationIsVisible = 0;
			defaultConfigurationName = Release;
		};
		3DF3B7CD1C0FDDA10024C06C /* Build configuration list for PBXNativeTarget "WeatherApp" */ = {
			isa = XCConfigurationList;
			buildConfigurations = (
				3DF3B7CE1C0FDDA10024C06C /* Debug */,
				3DF3B7CF1C0FDDA10024C06C /* Release */,
			);
			defaultConfigurationIsVisible = 0;
			defaultConfigurationName = Release;
		};
		3DF3B7D01C0FDDA10024C06C /* Build configuration list for PBXNativeTarget "WeatherAppTests" */ = {
			isa = XCConfigurationList;
			buildConfigurations = (
				3DF3B7D11C0FDDA10024C06C /* Debug */,
				3DF3B7D21C0FDDA10024C06C /* Release */,
			);
			defaultConfigurationIsVisible = 0;
			defaultConfigurationName = Release;
		};
/* End XCConfigurationList section */
	};
	rootObject = 3DF3B7A31C0FDDA10024C06C /* Project object */;
}
